
Microsoft Visual Studio Solution File, Format Version 12.00
# Visual Studio Version 17
VisualStudioVersion = 17.9.34714.143
MinimumVisualStudioVersion = 10.0.40219.1
Project("{FAE04EC0-301F-11D3-BF4B-00C04F79EFBC}") = "AmigoSecreto.Android", "AmigoSecreto\AmigoSecreto.Android\AmigoSecreto.Android.csproj", "{31A6DF9B-9366-42B4-BFD2-D643ACB1A805}"
EndProject
Project("{FAE04EC0-301F-11D3-BF4B-00C04F79EFBC}") = "AmigoSecreto.iOS", "AmigoSecreto\AmigoSecreto.iOS\AmigoSecreto.iOS.csproj", "{1D319D74-2684-483E-A2A0-9AD1295B0CC5}"
EndProject
Project("{FAE04EC0-301F-11D3-BF4B-00C04F79EFBC}") = "AmigoSecreto", "AmigoSecreto\AmigoSecreto\AmigoSecreto.csproj", "{C4DA901D-1BB5-489D-BF96-EC7B15F1322A}"
EndProject
Global
	GlobalSection(SolutionConfigurationPlatforms) = preSolution
		Debug|Any CPU = Debug|Any CPU
		Debug|iPhone = Debug|iPhone
		Debug|iPhoneSimulator = Debug|iPhoneSimulator
		Release|Any CPU = Release|Any CPU
		Release|iPhone = Release|iPhone
		Release|iPhoneSimulator = Release|iPhoneSimulator
	EndGlobalSection
	GlobalSection(ProjectConfigurationPlatforms) = postSolution
		{31A6DF9B-9366-42B4-BFD2-D643ACB1A805}.Debug|Any CPU.ActiveCfg = Debug|Any CPU
		{31A6DF9B-9366-42B4-BFD2-D643ACB1A805}.Debug|Any CPU.Build.0 = Debug|Any CPU
		{31A6DF9B-9366-42B4-BFD2-D643ACB1A805}.Debug|Any CPU.Deploy.0 = Debug|Any CPU
		{31A6DF9B-9366-42B4-BFD2-D643ACB1A805}.Debug|iPhone.ActiveCfg = Debug|Any CPU
		{31A6DF9B-9366-42B4-BFD2-D643ACB1A805}.Debug|iPhone.Build.0 = Debug|Any CPU
		{31A6DF9B-9366-42B4-BFD2-D643ACB1A805}.Debug|iPhone.Deploy.0 = Debug|Any CPU
		{31A6DF9B-9366-42B4-BFD2-D643ACB1A805}.Debug|iPhoneSimulator.ActiveCfg = Debug|Any CPU
		{31A6DF9B-9366-42B4-BFD2-D643ACB1A805}.Debug|iPhoneSimulator.Build.0 = Debug|Any CPU
		{31A6DF9B-9366-42B4-BFD2-D643ACB1A805}.Debug|iPhoneSimulator.Deploy.0 = Debug|Any CPU
		{31A6DF9B-9366-42B4-BFD2-D643ACB1A805}.Release|Any CPU.ActiveCfg = Release|Any CPU
		{31A6DF9B-9366-42B4-BFD2-D643ACB1A805}.Release|Any CPU.Build.0 = Release|Any CPU
		{31A6DF9B-9366-42B4-BFD2-D643ACB1A805}.Release|Any CPU.Deploy.0 = Release|Any CPU
		{31A6DF9B-9366-42B4-BFD2-D643ACB1A805}.Release|iPhone.ActiveCfg = Release|Any CPU
		{31A6DF9B-9366-42B4-BFD2-D643ACB1A805}.Release|iPhone.Build.0 = Release|Any CPU
		{31A6DF9B-9366-42B4-BFD2-D643ACB1A805}.Release|iPhone.Deploy.0 = Release|Any CPU
		{31A6DF9B-9366-42B4-BFD2-D643ACB1A805}.Release|iPhoneSimulator.ActiveCfg = Release|Any CPU
		{31A6DF9B-9366-42B4-BFD2-D643ACB1A805}.Release|iPhoneSimulator.Build.0 = Release|Any CPU
		{31A6DF9B-9366-42B4-BFD2-D643ACB1A805}.Release|iPhoneSimulator.Deploy.0 = Release|Any CPU
		{1D319D74-2684-483E-A2A0-9AD1295B0CC5}.Debug|Any CPU.ActiveCfg = Debug|iPhone
		{1D319D74-2684-483E-A2A0-9AD1295B0CC5}.Debug|Any CPU.Build.0 = Debug|iPhone
		{1D319D74-2684-483E-A2A0-9AD1295B0CC5}.Debug|Any CPU.Deploy.0 = Debug|iPhone
		{1D319D74-2684-483E-A2A0-9AD1295B0CC5}.Debug|iPhone.ActiveCfg = Debug|iPhone
		{1D319D74-2684-483E-A2A0-9AD1295B0CC5}.Debug|iPhone.Build.0 = Debug|iPhone
		{1D319D74-2684-483E-A2A0-9AD1295B0CC5}.Debug|iPhone.Deploy.0 = Debug|iPhone
		{1D319D74-2684-483E-A2A0-9AD1295B0CC5}.Debug|iPhoneSimulator.ActiveCfg = Debug|iPhoneSimulator
		{1D319D74-2684-483E-A2A0-9AD1295B0CC5}.Debug|iPhoneSimulator.Build.0 = Debug|iPhoneSimulator
		{1D319D74-2684-483E-A2A0-9AD1295B0CC5}.Debug|iPhoneSimulator.Deploy.0 = Debug|iPhoneSimulator
		{1D319D74-2684-483E-A2A0-9AD1295B0CC5}.Release|Any CPU.ActiveCfg = Release|iPhoneSimulator
		{1D319D74-2684-483E-A2A0-9AD1295B0CC5}.Release|Any CPU.Build.0 = Release|iPhoneSimulator
		{1D319D74-2684-483E-A2A0-9AD1295B0CC5}.Release|Any CPU.Deploy.0 = Release|iPhoneSimulator
		{1D319D74-2684-483E-A2A0-9AD1295B0CC5}.Release|iPhone.ActiveCfg = Release|iPhone
		{1D319D74-2684-483E-A2A0-9AD1295B0CC5}.Release|iPhone.Build.0 = Release|iPhone
		{1D319D74-2684-483E-A2A0-9AD1295B0CC5}.Release|iPhone.Deploy.0 = Release|iPhone
		{1D319D74-2684-483E-A2A0-9AD1295B0CC5}.Release|iPhoneSimulator.ActiveCfg = Release|iPhoneSimulator
		{1D319D74-2684-483E-A2A0-9AD1295B0CC5}.Release|iPhoneSimulator.Build.0 = Release|iPhoneSimulator
		{1D319D74-2684-483E-A2A0-9AD1295B0CC5}.Release|iPhoneSimulator.Deploy.0 = Release|iPhoneSimulator
		{C4DA901D-1BB5-489D-BF96-EC7B15F1322A}.Debug|Any CPU.ActiveCfg = Debug|Any CPU
		{C4DA901D-1BB5-489D-BF96-EC7B15F1322A}.Debug|Any CPU.Build.0 = Debug|Any CPU
		{C4DA901D-1BB5-489D-BF96-EC7B15F1322A}.Debug|Any CPU.Deploy.0 = Debug|Any CPU
		{C4DA901D-1BB5-489D-BF96-EC7B15F1322A}.Debug|iPhone.ActiveCfg = Debug|Any CPU
		{C4DA901D-1BB5-489D-BF96-EC7B15F1322A}.Debug|iPhone.Build.0 = Debug|Any CPU
		{C4DA901D-1BB5-489D-BF96-EC7B15F1322A}.Debug|iPhone.Deploy.0 = Debug|Any CPU
		{C4DA901D-1BB5-489D-BF96-EC7B15F1322A}.Debug|iPhoneSimulator.ActiveCfg = Debug|Any CPU
		{C4DA901D-1BB5-489D-BF96-EC7B15F1322A}.Debug|iPhoneSimulator.Build.0 = Debug|Any CPU
		{C4DA901D-1BB5-489D-BF96-EC7B15F1322A}.Debug|iPhoneSimulator.Deploy.0 = Debug|Any CPU
		{C4DA901D-1BB5-489D-BF96-EC7B15F1322A}.Release|Any CPU.ActiveCfg = Release|Any CPU
		{C4DA901D-1BB5-489D-BF96-EC7B15F1322A}.Release|Any CPU.Build.0 = Release|Any CPU
		{C4DA901D-1BB5-489D-BF96-EC7B15F1322A}.Release|Any CPU.Deploy.0 = Release|Any CPU
		{C4DA901D-1BB5-489D-BF96-EC7B15F1322A}.Release|iPhone.ActiveCfg = Release|Any CPU
		{C4DA901D-1BB5-489D-BF96-EC7B15F1322A}.Release|iPhone.Build.0 = Release|Any CPU
		{C4DA901D-1BB5-489D-BF96-EC7B15F1322A}.Release|iPhone.Deploy.0 = Release|Any CPU
		{C4DA901D-1BB5-489D-BF96-EC7B15F1322A}.Release|iPhoneSimulator.ActiveCfg = Release|Any CPU
		{C4DA901D-1BB5-489D-BF96-EC7B15F1322A}.Release|iPhoneSimulator.Build.0 = Release|Any CPU
		{C4DA901D-1BB5-489D-BF96-EC7B15F1322A}.Release|iPhoneSimulator.Deploy.0 = Release|Any CPU
	EndGlobalSection
	GlobalSection(SolutionProperties) = preSolution
		HideSolutionNode = FALSE
	EndGlobalSection
	GlobalSection(ExtensibilityGlobals) = postSolution
		SolutionGuid = {29574778-0164-44C8-BCEC-076AC4281185}
	EndGlobalSection
EndGlobal
